// !$*UTF8*$!
{
	archiveVersion = 1;
	classes = {
	};
	objectVersion = 50;
	objects = {

/* Begin PBXBuildFile section */
		E0154ACE252B39460057827A /* LatinApp.swift in Sources */ = {isa = PBXBuildFile; fileRef = E0154ACD252B39460057827A /* LatinApp.swift */; };
		E0154AD2252B39470057827A /* Assets.xcassets in Resources */ = {isa = PBXBuildFile; fileRef = E0154AD1252B39470057827A /* Assets.xcassets */; };
		E0154AD5252B39470057827A /* Preview Assets.xcassets in Resources */ = {isa = PBXBuildFile; fileRef = E0154AD4252B39470057827A /* Preview Assets.xcassets */; };
		E0154AE2252B39B50057827A /* Background.swift in Sources */ = {isa = PBXBuildFile; fileRef = E0154AE1252B39B50057827A /* Background.swift */; };
		E0154AE6252B3A060057827A /* wordRowView.swift in Sources */ = {isa = PBXBuildFile; fileRef = E0154AE5252B3A060057827A /* wordRowView.swift */; };
		E0154B04252B3B2B0057827A /* GCSE latin.csv in Resources */ = {isa = PBXBuildFile; fileRef = E0154B02252B3B2A0057827A /* GCSE latin.csv */; };
		E0154B0E252B3B910057827A /* DictionaryView.swift in Sources */ = {isa = PBXBuildFile; fileRef = E0154B0D252B3B910057827A /* DictionaryView.swift */; };
		E0154B1D252B3C960057827A /* Deponent.swift in Sources */ = {isa = PBXBuildFile; fileRef = E0154B18252B3C950057827A /* Deponent.swift */; };
		E0154B1F252B3C960057827A /* verbs.swift in Sources */ = {isa = PBXBuildFile; fileRef = E0154B1A252B3C960057827A /* verbs.swift */; };
		E0154B20252B3C960057827A /* preposition.swift in Sources */ = {isa = PBXBuildFile; fileRef = E0154B1B252B3C960057827A /* preposition.swift */; };
		E0154B23252B3CEF0057827A /* changes to orginal ocr text.rtf in Resources */ = {isa = PBXBuildFile; fileRef = E0154B22252B3CEF0057827A /* changes to orginal ocr text.rtf */; };
		E0154B27252B3DC10057827A /* AdjectiveDictionaryViewView.swift in Sources */ = {isa = PBXBuildFile; fileRef = E0154B25252B3DC10057827A /* AdjectiveDictionaryViewView.swift */; };
		E0154B28252B3DC10057827A /* adjectives.swift in Sources */ = {isa = PBXBuildFile; fileRef = E0154B26252B3DC10057827A /* adjectives.swift */; };
		E0154B30252B3E800057827A /* irregularVerbs.swift in Sources */ = {isa = PBXBuildFile; fileRef = E0154B2E252B3E7F0057827A /* irregularVerbs.swift */; };
		E0154B31252B3E800057827A /* irregularNouns.swift in Sources */ = {isa = PBXBuildFile; fileRef = E0154B2F252B3E800057827A /* irregularNouns.swift */; };
		E0154B4D252B41F10057827A /* NounViews.swift in Sources */ = {isa = PBXBuildFile; fileRef = E0154B4B252B41F10057827A /* NounViews.swift */; };
		E0154B4E252B41F10057827A /* nouns.swift in Sources */ = {isa = PBXBuildFile; fileRef = E0154B4C252B41F10057827A /* nouns.swift */; };
		E0154B58252B43BD0057827A /* Format.swift in Sources */ = {isa = PBXBuildFile; fileRef = E0154B57252B43BC0057827A /* Format.swift */; };
		E0154B5D252B4FCA0057827A /* DecisionView.swift in Sources */ = {isa = PBXBuildFile; fileRef = E0154B5C252B4FCA0057827A /* DecisionView.swift */; };
		E0154B95252B7A250057827A /* VerbDictionaryView.swift in Sources */ = {isa = PBXBuildFile; fileRef = E0154B94252B7A240057827A /* VerbDictionaryView.swift */; };
		E0154B98252B7A6A0057827A /* NounDictionaryView.swift in Sources */ = {isa = PBXBuildFile; fileRef = E0154B97252B7A6A0057827A /* NounDictionaryView.swift */; };
		E0154BA2252B7CD60057827A /* VerbRowView.swift in Sources */ = {isa = PBXBuildFile; fileRef = E0154B9F252B7CD50057827A /* VerbRowView.swift */; };
		E0154BA3252B7CD60057827A /* DeponentInfoView.swift in Sources */ = {isa = PBXBuildFile; fileRef = E0154BA0252B7CD50057827A /* DeponentInfoView.swift */; };
		E0154BA4252B7CD60057827A /* VerbInfoView.swift in Sources */ = {isa = PBXBuildFile; fileRef = E0154BA1252B7CD60057827A /* VerbInfoView.swift */; };
		E0154BC2252B9C580057827A /* ContentView.swift in Sources */ = {isa = PBXBuildFile; fileRef = E0154BC1252B9C580057827A /* ContentView.swift */; };
		E0154BC9252BA2630057827A /* PrepositionInfoView.swift in Sources */ = {isa = PBXBuildFile; fileRef = E0154BC8252BA2630057827A /* PrepositionInfoView.swift */; };
		E0154BD3252BB03A0057827A /* PrepositionDictionaryView.swift in Sources */ = {isa = PBXBuildFile; fileRef = E0154BD2252BB03A0057827A /* PrepositionDictionaryView.swift */; };
		E04A3CFF25823146005A21BC /* Quiz.swift in Sources */ = {isa = PBXBuildFile; fileRef = E04A3CFE25823146005A21BC /* Quiz.swift */; };
		E04A3D03258231B4005A21BC /* Question.swift in Sources */ = {isa = PBXBuildFile; fileRef = E04A3D02258231B4005A21BC /* Question.swift */; };
		E04A3D0825823388005A21BC /* QuizSetupView.swift in Sources */ = {isa = PBXBuildFile; fileRef = E04A3D0725823388005A21BC /* QuizSetupView.swift */; };
		E04A3D0F258236E1005A21BC /* Forms.swift in Sources */ = {isa = PBXBuildFile; fileRef = E04A3D0E258236E1005A21BC /* Forms.swift */; };
		E04A3D1225823FA2005A21BC /* SettingsView.swift in Sources */ = {isa = PBXBuildFile; fileRef = E04A3D1125823FA2005A21BC /* SettingsView.swift */; };
		E04A3D1B25827653005A21BC /* ConjugationFilterView.swift in Sources */ = {isa = PBXBuildFile; fileRef = E04A3D1A25827653005A21BC /* ConjugationFilterView.swift */; };
		E04A3D2625827EB5005A21BC /* TenseFilterView.swift in Sources */ = {isa = PBXBuildFile; fileRef = E04A3D2525827EB5005A21BC /* TenseFilterView.swift */; };
		E04A3D2A25827FF6005A21BC /* NounDeclensionFilter.swift in Sources */ = {isa = PBXBuildFile; fileRef = E04A3D2925827FF6005A21BC /* NounDeclensionFilter.swift */; };
		E04A3D2F258280D4005A21BC /* AdjectiveFilterView.swift in Sources */ = {isa = PBXBuildFile; fileRef = E04A3D2E258280D4005A21BC /* AdjectiveFilterView.swift */; };
		E04A3D3A25828165005A21BC /* AdverbFilterView.swift in Sources */ = {isa = PBXBuildFile; fileRef = E04A3D3925828165005A21BC /* AdverbFilterView.swift */; };
		E04A3D3D258281CE005A21BC /* ConjunctionFilterView.swift in Sources */ = {isa = PBXBuildFile; fileRef = E04A3D3C258281CE005A21BC /* ConjunctionFilterView.swift */; };
		E04DB8AE256E8143000B26CE /* AdjectiveInfoView.swift in Sources */ = {isa = PBXBuildFile; fileRef = E04DB8AD256E8143000B26CE /* AdjectiveInfoView.swift */; };
		E04FB9C2259A419700D24C3C /* CorrectView.swift in Sources */ = {isa = PBXBuildFile; fileRef = E04FB9C1259A419700D24C3C /* CorrectView.swift */; };
		E04FB9C6259A42BD00D24C3C /* InputView.swift in Sources */ = {isa = PBXBuildFile; fileRef = E04FB9C5259A42BD00D24C3C /* InputView.swift */; };
		E04FB9C9259A462F00D24C3C /* IncorrectView.swift in Sources */ = {isa = PBXBuildFile; fileRef = E04FB9C8259A462F00D24C3C /* IncorrectView.swift */; };
		E054DC34256A927C00302ADF /* logInView.swift in Sources */ = {isa = PBXBuildFile; fileRef = E054DC33256A927C00302ADF /* logInView.swift */; };
		E054DC37256A928200302ADF /* resetTestDatabase.swift in Sources */ = {isa = PBXBuildFile; fileRef = E054DC36256A928200302ADF /* resetTestDatabase.swift */; };
		E054DC3E256A9C0600302ADF /* connectDB.swift in Sources */ = {isa = PBXBuildFile; fileRef = E054DC3D256A9C0600302ADF /* connectDB.swift */; };
		E054DC42256A9C1900302ADF /* Database.swift in Sources */ = {isa = PBXBuildFile; fileRef = E054DC41256A9C1900302ADF /* Database.swift */; };
		E054DC46256AA07C00302ADF /* Profile.swift in Sources */ = {isa = PBXBuildFile; fileRef = E054DC45256AA07C00302ADF /* Profile.swift */; };
		E054DC49256AA0A700302ADF /* table protocal.swift in Sources */ = {isa = PBXBuildFile; fileRef = E054DC48256AA0A700302ADF /* table protocal.swift */; };
		E054DC4D256AC16800302ADF /* TODO in Resources */ = {isa = PBXBuildFile; fileRef = E054DC4C256AC16800302ADF /* TODO */; };
		E06A48222598F01600931035 /* QuizView.swift in Sources */ = {isa = PBXBuildFile; fileRef = E06A48212598F01600931035 /* QuizView.swift */; };
		E06A48272598F42A00931035 /* QuestionView.swift in Sources */ = {isa = PBXBuildFile; fileRef = E06A48262598F42A00931035 /* QuestionView.swift */; };
		E06E27BD258384D600499DF2 /* VerbFilterView.swift in Sources */ = {isa = PBXBuildFile; fileRef = E06E27BC258384D600499DF2 /* VerbFilterView.swift */; };
		E06F40B4257994DE006C1A23 /* conjunctions.swift in Sources */ = {isa = PBXBuildFile; fileRef = E06F40B3257994DE006C1A23 /* conjunctions.swift */; };
		E0726E2E25B60ED700A16E35 /* appEnviroment.swift in Sources */ = {isa = PBXBuildFile; fileRef = E0726E2D25B60ED700A16E35 /* appEnviroment.swift */; };
		E0A0882A257FA03200641EC6 /* Confidence.swift in Sources */ = {isa = PBXBuildFile; fileRef = E0A08829257FA03200641EC6 /* Confidence.swift */; };
		E0B11C1F2530B29700CD3561 /* Word.swift in Sources */ = {isa = PBXBuildFile; fileRef = E0B11C1E2530B29700CD3561 /* Word.swift */; };
		E0C1BFC2257E74490041238F /* ConjunctionDictionaryView.swift in Sources */ = {isa = PBXBuildFile; fileRef = E0C1BFC1257E74490041238F /* ConjunctionDictionaryView.swift */; };
		E0C1BFC7257E79690041238F /* ConjunctionInfoView.swift in Sources */ = {isa = PBXBuildFile; fileRef = E0C1BFC6257E79690041238F /* ConjunctionInfoView.swift */; };
		E0C1BFCA257E93B60041238F /* adverb.swift in Sources */ = {isa = PBXBuildFile; fileRef = E0C1BFC9257E93B60041238F /* adverb.swift */; };
		E0C1BFCE257E9D280041238F /* AdverbDictionaryView.swift in Sources */ = {isa = PBXBuildFile; fileRef = E0C1BFCD257E9D280041238F /* AdverbDictionaryView.swift */; };
		E0C1BFD1257E9DF40041238F /* AdverbInfoView.swift in Sources */ = {isa = PBXBuildFile; fileRef = E0C1BFD0257E9DF40041238F /* AdverbInfoView.swift */; };
		E0E97C0C256C2EA5008C73CF /* tests.swift in Sources */ = {isa = PBXBuildFile; fileRef = E0E97C0B256C2EA5008C73CF /* tests.swift */; };
		E0FDAA3625B305FC00DFB93E /* VocabWrittenInput.swift in Sources */ = {isa = PBXBuildFile; fileRef = E0FDAA3525B305FC00DFB93E /* VocabWrittenInput.swift */; };
		E0FDAA3925B3060A00DFB93E /* VocabMultipleChoiceView.swift in Sources */ = {isa = PBXBuildFile; fileRef = E0FDAA3825B3060A00DFB93E /* VocabMultipleChoiceView.swift */; };
/* End PBXBuildFile section */

/* Begin PBXFileReference section */
		E0154ACA252B39460057827A /* Latin.app */ = {isa = PBXFileReference; explicitFileType = wrapper.application; includeInIndex = 0; path = Latin.app; sourceTree = BUILT_PRODUCTS_DIR; };
		E0154ACD252B39460057827A /* LatinApp.swift */ = {isa = PBXFileReference; lastKnownFileType = sourcecode.swift; path = LatinApp.swift; sourceTree = "<group>"; };
		E0154AD1252B39470057827A /* Assets.xcassets */ = {isa = PBXFileReference; lastKnownFileType = folder.assetcatalog; path = Assets.xcassets; sourceTree = "<group>"; };
		E0154AD4252B39470057827A /* Preview Assets.xcassets */ = {isa = PBXFileReference; lastKnownFileType = folder.assetcatalog; path = "Preview Assets.xcassets"; sourceTree = "<group>"; };
		E0154AD6252B39470057827A /* Info.plist */ = {isa = PBXFileReference; lastKnownFileType = text.plist.xml; path = Info.plist; sourceTree = "<group>"; };
		E0154AE1252B39B50057827A /* Background.swift */ = {isa = PBXFileReference; fileEncoding = 4; lastKnownFileType = sourcecode.swift; path = Background.swift; sourceTree = "<group>"; };
		E0154AE5252B3A060057827A /* wordRowView.swift */ = {isa = PBXFileReference; fileEncoding = 4; lastKnownFileType = sourcecode.swift; path = wordRowView.swift; sourceTree = "<group>"; };
		E0154B02252B3B2A0057827A /* GCSE latin.csv */ = {isa = PBXFileReference; fileEncoding = 4; lastKnownFileType = text; path = "GCSE latin.csv"; sourceTree = "<group>"; };
		E0154B0D252B3B910057827A /* DictionaryView.swift */ = {isa = PBXFileReference; fileEncoding = 4; lastKnownFileType = sourcecode.swift; path = DictionaryView.swift; sourceTree = "<group>"; };
		E0154B18252B3C950057827A /* Deponent.swift */ = {isa = PBXFileReference; fileEncoding = 4; lastKnownFileType = sourcecode.swift; path = Deponent.swift; sourceTree = "<group>"; };
		E0154B1A252B3C960057827A /* verbs.swift */ = {isa = PBXFileReference; fileEncoding = 4; lastKnownFileType = sourcecode.swift; path = verbs.swift; sourceTree = "<group>"; };
		E0154B1B252B3C960057827A /* preposition.swift */ = {isa = PBXFileReference; fileEncoding = 4; lastKnownFileType = sourcecode.swift; path = preposition.swift; sourceTree = "<group>"; };
		E0154B22252B3CEF0057827A /* changes to orginal ocr text.rtf */ = {isa = PBXFileReference; fileEncoding = 4; lastKnownFileType = text.rtf; path = "changes to orginal ocr text.rtf"; sourceTree = "<group>"; };
		E0154B25252B3DC10057827A /* AdjectiveDictionaryViewView.swift */ = {isa = PBXFileReference; fileEncoding = 4; lastKnownFileType = sourcecode.swift; path = AdjectiveDictionaryViewView.swift; sourceTree = "<group>"; };
		E0154B26252B3DC10057827A /* adjectives.swift */ = {isa = PBXFileReference; fileEncoding = 4; lastKnownFileType = sourcecode.swift; path = adjectives.swift; sourceTree = "<group>"; };
		E0154B2E252B3E7F0057827A /* irregularVerbs.swift */ = {isa = PBXFileReference; fileEncoding = 4; lastKnownFileType = sourcecode.swift; path = irregularVerbs.swift; sourceTree = "<group>"; };
		E0154B2F252B3E800057827A /* irregularNouns.swift */ = {isa = PBXFileReference; fileEncoding = 4; lastKnownFileType = sourcecode.swift; path = irregularNouns.swift; sourceTree = "<group>"; };
		E0154B4B252B41F10057827A /* NounViews.swift */ = {isa = PBXFileReference; fileEncoding = 4; lastKnownFileType = sourcecode.swift; path = NounViews.swift; sourceTree = "<group>"; };
		E0154B4C252B41F10057827A /* nouns.swift */ = {isa = PBXFileReference; fileEncoding = 4; lastKnownFileType = sourcecode.swift; path = nouns.swift; sourceTree = "<group>"; };
		E0154B57252B43BC0057827A /* Format.swift */ = {isa = PBXFileReference; fileEncoding = 4; lastKnownFileType = sourcecode.swift; path = Format.swift; sourceTree = "<group>"; };
		E0154B5C252B4FCA0057827A /* DecisionView.swift */ = {isa = PBXFileReference; fileEncoding = 4; lastKnownFileType = sourcecode.swift; path = DecisionView.swift; sourceTree = "<group>"; };
		E0154B94252B7A240057827A /* VerbDictionaryView.swift */ = {isa = PBXFileReference; lastKnownFileType = sourcecode.swift; path = VerbDictionaryView.swift; sourceTree = "<group>"; };
		E0154B97252B7A6A0057827A /* NounDictionaryView.swift */ = {isa = PBXFileReference; lastKnownFileType = sourcecode.swift; path = NounDictionaryView.swift; sourceTree = "<group>"; };
		E0154B9F252B7CD50057827A /* VerbRowView.swift */ = {isa = PBXFileReference; fileEncoding = 4; lastKnownFileType = sourcecode.swift; path = VerbRowView.swift; sourceTree = "<group>"; };
		E0154BA0252B7CD50057827A /* DeponentInfoView.swift */ = {isa = PBXFileReference; fileEncoding = 4; lastKnownFileType = sourcecode.swift; path = DeponentInfoView.swift; sourceTree = "<group>"; };
		E0154BA1252B7CD60057827A /* VerbInfoView.swift */ = {isa = PBXFileReference; fileEncoding = 4; lastKnownFileType = sourcecode.swift; path = VerbInfoView.swift; sourceTree = "<group>"; };
		E0154BC1252B9C580057827A /* ContentView.swift */ = {isa = PBXFileReference; fileEncoding = 4; lastKnownFileType = sourcecode.swift; path = ContentView.swift; sourceTree = "<group>"; };
		E0154BC8252BA2630057827A /* PrepositionInfoView.swift */ = {isa = PBXFileReference; lastKnownFileType = sourcecode.swift; path = PrepositionInfoView.swift; sourceTree = "<group>"; };
		E0154BD2252BB03A0057827A /* PrepositionDictionaryView.swift */ = {isa = PBXFileReference; lastKnownFileType = sourcecode.swift; path = PrepositionDictionaryView.swift; sourceTree = "<group>"; };
		E04A3CFE25823146005A21BC /* Quiz.swift */ = {isa = PBXFileReference; lastKnownFileType = sourcecode.swift; path = Quiz.swift; sourceTree = "<group>"; };
		E04A3D02258231B4005A21BC /* Question.swift */ = {isa = PBXFileReference; lastKnownFileType = sourcecode.swift; path = Question.swift; sourceTree = "<group>"; };
		E04A3D0725823388005A21BC /* QuizSetupView.swift */ = {isa = PBXFileReference; lastKnownFileType = sourcecode.swift; path = QuizSetupView.swift; sourceTree = "<group>"; };
		E04A3D0E258236E1005A21BC /* Forms.swift */ = {isa = PBXFileReference; lastKnownFileType = sourcecode.swift; path = Forms.swift; sourceTree = "<group>"; };
		E04A3D1125823FA2005A21BC /* SettingsView.swift */ = {isa = PBXFileReference; lastKnownFileType = sourcecode.swift; path = SettingsView.swift; sourceTree = "<group>"; };
		E04A3D1A25827653005A21BC /* ConjugationFilterView.swift */ = {isa = PBXFileReference; lastKnownFileType = sourcecode.swift; path = ConjugationFilterView.swift; sourceTree = "<group>"; };
		E04A3D2525827EB5005A21BC /* TenseFilterView.swift */ = {isa = PBXFileReference; lastKnownFileType = sourcecode.swift; path = TenseFilterView.swift; sourceTree = "<group>"; };
		E04A3D2925827FF6005A21BC /* NounDeclensionFilter.swift */ = {isa = PBXFileReference; lastKnownFileType = sourcecode.swift; path = NounDeclensionFilter.swift; sourceTree = "<group>"; };
		E04A3D2E258280D4005A21BC /* AdjectiveFilterView.swift */ = {isa = PBXFileReference; lastKnownFileType = sourcecode.swift; path = AdjectiveFilterView.swift; sourceTree = "<group>"; };
		E04A3D3925828165005A21BC /* AdverbFilterView.swift */ = {isa = PBXFileReference; lastKnownFileType = sourcecode.swift; path = AdverbFilterView.swift; sourceTree = "<group>"; };
		E04A3D3C258281CE005A21BC /* ConjunctionFilterView.swift */ = {isa = PBXFileReference; lastKnownFileType = sourcecode.swift; path = ConjunctionFilterView.swift; sourceTree = "<group>"; };
		E04DB8AD256E8143000B26CE /* AdjectiveInfoView.swift */ = {isa = PBXFileReference; lastKnownFileType = sourcecode.swift; path = AdjectiveInfoView.swift; sourceTree = "<group>"; };
		E04FB9C1259A419700D24C3C /* CorrectView.swift */ = {isa = PBXFileReference; lastKnownFileType = sourcecode.swift; path = CorrectView.swift; sourceTree = "<group>"; };
		E04FB9C5259A42BD00D24C3C /* InputView.swift */ = {isa = PBXFileReference; lastKnownFileType = sourcecode.swift; path = InputView.swift; sourceTree = "<group>"; };
		E04FB9C8259A462F00D24C3C /* IncorrectView.swift */ = {isa = PBXFileReference; lastKnownFileType = sourcecode.swift; path = IncorrectView.swift; sourceTree = "<group>"; };
		E054DC33256A927C00302ADF /* logInView.swift */ = {isa = PBXFileReference; fileEncoding = 4; lastKnownFileType = sourcecode.swift; path = logInView.swift; sourceTree = "<group>"; };
		E054DC36256A928200302ADF /* resetTestDatabase.swift */ = {isa = PBXFileReference; fileEncoding = 4; lastKnownFileType = sourcecode.swift; path = resetTestDatabase.swift; sourceTree = "<group>"; };
		E054DC3D256A9C0600302ADF /* connectDB.swift */ = {isa = PBXFileReference; lastKnownFileType = sourcecode.swift; path = connectDB.swift; sourceTree = "<group>"; };
		E054DC41256A9C1900302ADF /* Database.swift */ = {isa = PBXFileReference; lastKnownFileType = sourcecode.swift; path = Database.swift; sourceTree = "<group>"; };
		E054DC45256AA07C00302ADF /* Profile.swift */ = {isa = PBXFileReference; lastKnownFileType = sourcecode.swift; path = Profile.swift; sourceTree = "<group>"; };
		E054DC48256AA0A700302ADF /* table protocal.swift */ = {isa = PBXFileReference; lastKnownFileType = sourcecode.swift; path = "table protocal.swift"; sourceTree = "<group>"; };
		E054DC4C256AC16800302ADF /* TODO */ = {isa = PBXFileReference; lastKnownFileType = text; path = TODO; sourceTree = "<group>"; };
		E06A48212598F01600931035 /* QuizView.swift */ = {isa = PBXFileReference; lastKnownFileType = sourcecode.swift; path = QuizView.swift; sourceTree = "<group>"; };
		E06A48262598F42A00931035 /* QuestionView.swift */ = {isa = PBXFileReference; lastKnownFileType = sourcecode.swift; path = QuestionView.swift; sourceTree = "<group>"; };
		E06E27BC258384D600499DF2 /* VerbFilterView.swift */ = {isa = PBXFileReference; lastKnownFileType = sourcecode.swift; path = VerbFilterView.swift; sourceTree = "<group>"; };
		E06F40B3257994DE006C1A23 /* conjunctions.swift */ = {isa = PBXFileReference; lastKnownFileType = sourcecode.swift; path = conjunctions.swift; sourceTree = "<group>"; };
		E0726E2D25B60ED700A16E35 /* appEnviroment.swift */ = {isa = PBXFileReference; lastKnownFileType = sourcecode.swift; path = appEnviroment.swift; sourceTree = "<group>"; };
		E0A08829257FA03200641EC6 /* Confidence.swift */ = {isa = PBXFileReference; lastKnownFileType = sourcecode.swift; path = Confidence.swift; sourceTree = "<group>"; };
		E0B11C1E2530B29700CD3561 /* Word.swift */ = {isa = PBXFileReference; lastKnownFileType = sourcecode.swift; path = Word.swift; sourceTree = "<group>"; };
		E0C1BFC1257E74490041238F /* ConjunctionDictionaryView.swift */ = {isa = PBXFileReference; lastKnownFileType = sourcecode.swift; path = ConjunctionDictionaryView.swift; sourceTree = "<group>"; };
		E0C1BFC6257E79690041238F /* ConjunctionInfoView.swift */ = {isa = PBXFileReference; lastKnownFileType = sourcecode.swift; path = ConjunctionInfoView.swift; sourceTree = "<group>"; };
		E0C1BFC9257E93B60041238F /* adverb.swift */ = {isa = PBXFileReference; lastKnownFileType = sourcecode.swift; path = adverb.swift; sourceTree = "<group>"; };
		E0C1BFCD257E9D280041238F /* AdverbDictionaryView.swift */ = {isa = PBXFileReference; lastKnownFileType = sourcecode.swift; path = AdverbDictionaryView.swift; sourceTree = "<group>"; };
		E0C1BFD0257E9DF40041238F /* AdverbInfoView.swift */ = {isa = PBXFileReference; lastKnownFileType = sourcecode.swift; path = AdverbInfoView.swift; sourceTree = "<group>"; };
		E0E97C0B256C2EA5008C73CF /* tests.swift */ = {isa = PBXFileReference; lastKnownFileType = sourcecode.swift; path = tests.swift; sourceTree = "<group>"; };
		E0FDAA3525B305FC00DFB93E /* VocabWrittenInput.swift */ = {isa = PBXFileReference; lastKnownFileType = sourcecode.swift; path = VocabWrittenInput.swift; sourceTree = "<group>"; };
		E0FDAA3825B3060A00DFB93E /* VocabMultipleChoiceView.swift */ = {isa = PBXFileReference; lastKnownFileType = sourcecode.swift; path = VocabMultipleChoiceView.swift; sourceTree = "<group>"; };
/* End PBXFileReference section */

/* Begin PBXFrameworksBuildPhase section */
		E0154AC7252B39460057827A /* Frameworks */ = {
			isa = PBXFrameworksBuildPhase;
			buildActionMask = 2147483647;
			files = (
			);
			runOnlyForDeploymentPostprocessing = 0;
		};
/* End PBXFrameworksBuildPhase section */

/* Begin PBXGroup section */
		E0154AC1252B39460057827A = {
			isa = PBXGroup;
			children = (
				E0154ACC252B39460057827A /* Latin */,
				E0154ACB252B39460057827A /* Products */,
			);
			sourceTree = "<group>";
		};
		E0154ACB252B39460057827A /* Products */ = {
			isa = PBXGroup;
			children = (
				E0154ACA252B39460057827A /* Latin.app */,
			);
			name = Products;
			sourceTree = "<group>";
		};
		E0154ACC252B39460057827A /* Latin */ = {
			isa = PBXGroup;
			children = (
				E0154ACD252B39460057827A /* LatinApp.swift */,
				E0726E2D25B60ED700A16E35 /* appEnviroment.swift */,
				E054DC4C256AC16800302ADF /* TODO */,
				E0154BC1252B9C580057827A /* ContentView.swift */,
				E0154B5C252B4FCA0057827A /* DecisionView.swift */,
				E0E97C0B256C2EA5008C73CF /* tests.swift */,
				E054DC3C256A9BDC00302ADF /* Database */,
				E054DC32256A921F00302ADF /* Login Page */,
				E0154B63252B52350057827A /* Vocab */,
				E0154B5A252B43EE0057827A /* multi */,
				E0154B62252B51C10057827A /* Dictionary */,
				E04A3CFD25823114005A21BC /* Test */,
				E0154AE4252B39CB0057827A /* Backgrounds */,
				E0154AD1252B39470057827A /* Assets.xcassets */,
				E0154AD6252B39470057827A /* Info.plist */,
				E0154AD3252B39470057827A /* Preview Content */,
			);
			path = Latin;
			sourceTree = "<group>";
		};
		E0154AD3252B39470057827A /* Preview Content */ = {
			isa = PBXGroup;
			children = (
				E0154AD4252B39470057827A /* Preview Assets.xcassets */,
			);
			path = "Preview Content";
			sourceTree = "<group>";
		};
		E0154AE4252B39CB0057827A /* Backgrounds */ = {
			isa = PBXGroup;
			children = (
				E0154AE1252B39B50057827A /* Background.swift */,
			);
			path = Backgrounds;
			sourceTree = "<group>";
		};
		E0154B50252B41FB0057827A /* verbs */ = {
			isa = PBXGroup;
			children = (
				E0154B2E252B3E7F0057827A /* irregularVerbs.swift */,
				E0154B1A252B3C960057827A /* verbs.swift */,
				E0154B18252B3C950057827A /* Deponent.swift */,
			);
			path = verbs;
			sourceTree = "<group>";
		};
		E0154B52252B42200057827A /* Nouns */ = {
			isa = PBXGroup;
			children = (
				E0154B2F252B3E800057827A /* irregularNouns.swift */,
				E0154B4C252B41F10057827A /* nouns.swift */,
			);
			path = Nouns;
			sourceTree = "<group>";
		};
		E0154B54252B42E60057827A /* Adjectives */ = {
			isa = PBXGroup;
			children = (
				E0154B26252B3DC10057827A /* adjectives.swift */,
			);
			path = Adjectives;
			sourceTree = "<group>";
		};
		E0154B56252B43330057827A /* Prepostions */ = {
			isa = PBXGroup;
			children = (
				E0154B1B252B3C960057827A /* preposition.swift */,
			);
			path = Prepostions;
			sourceTree = "<group>";
		};
		E0154B5A252B43EE0057827A /* multi */ = {
			isa = PBXGroup;
			children = (
				E0154B57252B43BC0057827A /* Format.swift */,
				E0154AE5252B3A060057827A /* wordRowView.swift */,
			);
			path = multi;
			sourceTree = "<group>";
		};
		E0154B62252B51C10057827A /* Dictionary */ = {
			isa = PBXGroup;
			children = (
				E0154B0D252B3B910057827A /* DictionaryView.swift */,
				E0154BA6252B7CF10057827A /* Verb Dictionary */,
				E0154BB9252B99DF0057827A /* Noun Dictionary */,
				E0154BB4252B944D0057827A /* Preposition dictionary */,
				E0154BBA252B99F50057827A /* Adjective Dictionary */,
				E0C1BFCC257E9D100041238F /* Adverbs Dictionary */,
				E0C1BFC0257E742C0041238F /* Conjunction Dictionary */,
			);
			path = Dictionary;
			sourceTree = "<group>";
		};
		E0154B63252B52350057827A /* Vocab */ = {
			isa = PBXGroup;
			children = (
				E0154B02252B3B2A0057827A /* GCSE latin.csv */,
				E0154B22252B3CEF0057827A /* changes to orginal ocr text.rtf */,
				E0B11C1E2530B29700CD3561 /* Word.swift */,
				E04A3D0E258236E1005A21BC /* Forms.swift */,
				E0154B50252B41FB0057827A /* verbs */,
				E0154B52252B42200057827A /* Nouns */,
				E0154B54252B42E60057827A /* Adjectives */,
				E0154B56252B43330057827A /* Prepostions */,
				E0C1BFB9257E59130041238F /* adverbs */,
				E06F40B22579946E006C1A23 /* Conjuncions */,
			);
			path = Vocab;
			sourceTree = "<group>";
		};
		E0154BA6252B7CF10057827A /* Verb Dictionary */ = {
			isa = PBXGroup;
			children = (
				E0154B94252B7A240057827A /* VerbDictionaryView.swift */,
				E0154BA1252B7CD60057827A /* VerbInfoView.swift */,
				E0154B9F252B7CD50057827A /* VerbRowView.swift */,
				E0154BA0252B7CD50057827A /* DeponentInfoView.swift */,
			);
			path = "Verb Dictionary";
			sourceTree = "<group>";
		};
		E0154BB4252B944D0057827A /* Preposition dictionary */ = {
			isa = PBXGroup;
			children = (
				E0154BD2252BB03A0057827A /* PrepositionDictionaryView.swift */,
				E0154BC8252BA2630057827A /* PrepositionInfoView.swift */,
			);
			path = "Preposition dictionary";
			sourceTree = "<group>";
		};
		E0154BB9252B99DF0057827A /* Noun Dictionary */ = {
			isa = PBXGroup;
			children = (
				E0154B97252B7A6A0057827A /* NounDictionaryView.swift */,
				E0154B4B252B41F10057827A /* NounViews.swift */,
			);
			path = "Noun Dictionary";
			sourceTree = "<group>";
		};
		E0154BBA252B99F50057827A /* Adjective Dictionary */ = {
			isa = PBXGroup;
			children = (
				E0154B25252B3DC10057827A /* AdjectiveDictionaryViewView.swift */,
				E04DB8AD256E8143000B26CE /* AdjectiveInfoView.swift */,
			);
			path = "Adjective Dictionary";
			sourceTree = "<group>";
		};
		E04A3CFD25823114005A21BC /* Test */ = {
			isa = PBXGroup;
			children = (
				E04A3D0625823367005A21BC /* Views */,
				E04A3CFE25823146005A21BC /* Quiz.swift */,
				E04A3D02258231B4005A21BC /* Question.swift */,
			);
			path = Test;
			sourceTree = "<group>";
		};
		E04A3D0625823367005A21BC /* Views */ = {
			isa = PBXGroup;
			children = (
				E06A48212598F01600931035 /* QuizView.swift */,
				E04A3D0725823388005A21BC /* QuizSetupView.swift */,
				E04A3D1125823FA2005A21BC /* SettingsView.swift */,
				E06A48262598F42A00931035 /* QuestionView.swift */,
				E0FDAA2F25B305B500DFB93E /* Input View */,
				E04FB9C0259A40BF00D24C3C /* resultViews */,
				E04A3D1425827613005A21BC /* verb Filter */,
				E04A3D2825827F8A005A21BC /* Noun Filter */,
				E04A3D2D258280B8005A21BC /* Adjective Filter */,
				E04A3D3225828115005A21BC /* AdverbFilter */,
				E04A3D3325828125005A21BC /* ConjunctionFilter */,
				E04A3D382582814D005A21BC /* PrepositionFilter */,
			);
			path = Views;
			sourceTree = "<group>";
		};
		E04A3D1425827613005A21BC /* verb Filter */ = {
			isa = PBXGroup;
			children = (
				E04A3D1A25827653005A21BC /* ConjugationFilterView.swift */,
				E04A3D2525827EB5005A21BC /* TenseFilterView.swift */,
				E06E27BC258384D600499DF2 /* VerbFilterView.swift */,
			);
			path = "verb Filter";
			sourceTree = "<group>";
		};
		E04A3D2825827F8A005A21BC /* Noun Filter */ = {
			isa = PBXGroup;
			children = (
				E04A3D2925827FF6005A21BC /* NounDeclensionFilter.swift */,
			);
			path = "Noun Filter";
			sourceTree = "<group>";
		};
		E04A3D2D258280B8005A21BC /* Adjective Filter */ = {
			isa = PBXGroup;
			children = (
				E04A3D2E258280D4005A21BC /* AdjectiveFilterView.swift */,
			);
			path = "Adjective Filter";
			sourceTree = "<group>";
		};
		E04A3D3225828115005A21BC /* AdverbFilter */ = {
			isa = PBXGroup;
			children = (
				E04A3D3925828165005A21BC /* AdverbFilterView.swift */,
			);
			path = AdverbFilter;
			sourceTree = "<group>";
		};
		E04A3D3325828125005A21BC /* ConjunctionFilter */ = {
			isa = PBXGroup;
			children = (
				E04A3D3C258281CE005A21BC /* ConjunctionFilterView.swift */,
			);
			path = ConjunctionFilter;
			sourceTree = "<group>";
		};
		E04A3D382582814D005A21BC /* PrepositionFilter */ = {
			isa = PBXGroup;
			children = (
			);
			path = PrepositionFilter;
			sourceTree = "<group>";
		};
		E04FB9C0259A40BF00D24C3C /* resultViews */ = {
			isa = PBXGroup;
			children = (
				E04FB9C1259A419700D24C3C /* CorrectView.swift */,
				E04FB9C8259A462F00D24C3C /* IncorrectView.swift */,
			);
			path = resultViews;
			sourceTree = "<group>";
		};
		E054DC32256A921F00302ADF /* Login Page */ = {
			isa = PBXGroup;
			children = (
				E054DC33256A927C00302ADF /* logInView.swift */,
				E054DC36256A928200302ADF /* resetTestDatabase.swift */,
			);
			path = "Login Page";
			sourceTree = "<group>";
		};
		E054DC3C256A9BDC00302ADF /* Database */ = {
			isa = PBXGroup;
			children = (
				E054DC3D256A9C0600302ADF /* connectDB.swift */,
				E054DC41256A9C1900302ADF /* Database.swift */,
				E054DC48256AA0A700302ADF /* table protocal.swift */,
				E054DC44256A9C3100302ADF /* Profile */,
				E0A08828257FA00B00641EC6 /* Confidence */,
			);
			path = Database;
			sourceTree = "<group>";
		};
		E054DC44256A9C3100302ADF /* Profile */ = {
			isa = PBXGroup;
			children = (
				E054DC45256AA07C00302ADF /* Profile.swift */,
			);
			path = Profile;
			sourceTree = "<group>";
		};
		E06F40B22579946E006C1A23 /* Conjuncions */ = {
			isa = PBXGroup;
			children = (
				E06F40B3257994DE006C1A23 /* conjunctions.swift */,
			);
			path = Conjuncions;
			sourceTree = "<group>";
		};
		E0A08828257FA00B00641EC6 /* Confidence */ = {
			isa = PBXGroup;
			children = (
				E0A08829257FA03200641EC6 /* Confidence.swift */,
			);
			path = Confidence;
			sourceTree = "<group>";
		};
		E0C1BFB9257E59130041238F /* adverbs */ = {
			isa = PBXGroup;
			children = (
				E0C1BFC9257E93B60041238F /* adverb.swift */,
			);
			path = adverbs;
			sourceTree = "<group>";
		};
		E0C1BFC0257E742C0041238F /* Conjunction Dictionary */ = {
			isa = PBXGroup;
			children = (
				E0C1BFC1257E74490041238F /* ConjunctionDictionaryView.swift */,
				E0C1BFC6257E79690041238F /* ConjunctionInfoView.swift */,
			);
			path = "Conjunction Dictionary";
			sourceTree = "<group>";
		};
		E0C1BFCC257E9D100041238F /* Adverbs Dictionary */ = {
			isa = PBXGroup;
			children = (
				E0C1BFCD257E9D280041238F /* AdverbDictionaryView.swift */,
				E0C1BFD0257E9DF40041238F /* AdverbInfoView.swift */,
			);
			path = "Adverbs Dictionary";
			sourceTree = "<group>";
		};
		E0FDAA2F25B305B500DFB93E /* Input View */ = {
			isa = PBXGroup;
			children = (
				E04FB9C5259A42BD00D24C3C /* InputView.swift */,
				E0FDAA3525B305FC00DFB93E /* VocabWrittenInput.swift */,
				E0FDAA3825B3060A00DFB93E /* VocabMultipleChoiceView.swift */,
			);
			path = "Input View";
			sourceTree = "<group>";
		};
/* End PBXGroup section */

/* Begin PBXNativeTarget section */
		E0154AC9252B39460057827A /* Latin */ = {
			isa = PBXNativeTarget;
			buildConfigurationList = E0154AD9252B39470057827A /* Build configuration list for PBXNativeTarget "Latin" */;
			buildPhases = (
				E0154AC6252B39460057827A /* Sources */,
				E0154AC7252B39460057827A /* Frameworks */,
				E0154AC8252B39460057827A /* Resources */,
			);
			buildRules = (
			);
			dependencies = (
			);
			name = Latin;
			productName = Latin;
			productReference = E0154ACA252B39460057827A /* Latin.app */;
			productType = "com.apple.product-type.application";
		};
/* End PBXNativeTarget section */

/* Begin PBXProject section */
		E0154AC2252B39460057827A /* Project object */ = {
			isa = PBXProject;
			attributes = {
				LastSwiftUpdateCheck = 1200;
				LastUpgradeCheck = 1200;
				TargetAttributes = {
					E0154AC9252B39460057827A = {
						CreatedOnToolsVersion = 12.0.1;
					};
				};
			};
			buildConfigurationList = E0154AC5252B39460057827A /* Build configuration list for PBXProject "Latin" */;
			compatibilityVersion = "Xcode 9.3";
			developmentRegion = en;
			hasScannedForEncodings = 0;
			knownRegions = (
				en,
				Base,
			);
			mainGroup = E0154AC1252B39460057827A;
			productRefGroup = E0154ACB252B39460057827A /* Products */;
			projectDirPath = "";
			projectRoot = "";
			targets = (
				E0154AC9252B39460057827A /* Latin */,
			);
		};
/* End PBXProject section */

/* Begin PBXResourcesBuildPhase section */
		E0154AC8252B39460057827A /* Resources */ = {
			isa = PBXResourcesBuildPhase;
			buildActionMask = 2147483647;
			files = (
				E0154B23252B3CEF0057827A /* changes to orginal ocr text.rtf in Resources */,
				E054DC4D256AC16800302ADF /* TODO in Resources */,
				E0154B04252B3B2B0057827A /* GCSE latin.csv in Resources */,
				E0154AD5252B39470057827A /* Preview Assets.xcassets in Resources */,
				E0154AD2252B39470057827A /* Assets.xcassets in Resources */,
			);
			runOnlyForDeploymentPostprocessing = 0;
		};
/* End PBXResourcesBuildPhase section */

/* Begin PBXSourcesBuildPhase section */
		E0154AC6252B39460057827A /* Sources */ = {
			isa = PBXSourcesBuildPhase;
			buildActionMask = 2147483647;
			files = (
				E054DC42256A9C1900302ADF /* Database.swift in Sources */,
				E04A3D03258231B4005A21BC /* Question.swift in Sources */,
				E054DC37256A928200302ADF /* resetTestDatabase.swift in Sources */,
				E0154B1D252B3C960057827A /* Deponent.swift in Sources */,
				E0154B4E252B41F10057827A /* nouns.swift in Sources */,
				E0154ACE252B39460057827A /* LatinApp.swift in Sources */,
				E04A3D3A25828165005A21BC /* AdverbFilterView.swift in Sources */,
				E0FDAA3625B305FC00DFB93E /* VocabWrittenInput.swift in Sources */,
				E0C1BFC7257E79690041238F /* ConjunctionInfoView.swift in Sources */,
				E04A3D1B25827653005A21BC /* ConjugationFilterView.swift in Sources */,
				E054DC34256A927C00302ADF /* logInView.swift in Sources */,
				E0154AE6252B3A060057827A /* wordRowView.swift in Sources */,
				E0154BC2252B9C580057827A /* ContentView.swift in Sources */,
				E04A3D0825823388005A21BC /* QuizSetupView.swift in Sources */,
				E04DB8AE256E8143000B26CE /* AdjectiveInfoView.swift in Sources */,
				E0154B0E252B3B910057827A /* DictionaryView.swift in Sources */,
				E0154B31252B3E800057827A /* irregularNouns.swift in Sources */,
				E06E27BD258384D600499DF2 /* VerbFilterView.swift in Sources */,
				E0154BA4252B7CD60057827A /* VerbInfoView.swift in Sources */,
				E0154BD3252BB03A0057827A /* PrepositionDictionaryView.swift in Sources */,
				E06F40B4257994DE006C1A23 /* conjunctions.swift in Sources */,
				E0C1BFCA257E93B60041238F /* adverb.swift in Sources */,
				E04A3D0F258236E1005A21BC /* Forms.swift in Sources */,
				E04A3D2F258280D4005A21BC /* AdjectiveFilterView.swift in Sources */,
				E0154BC9252BA2630057827A /* PrepositionInfoView.swift in Sources */,
				E06A48222598F01600931035 /* QuizView.swift in Sources */,
				E0154B28252B3DC10057827A /* adjectives.swift in Sources */,
				E04A3D1225823FA2005A21BC /* SettingsView.swift in Sources */,
				E0154BA2252B7CD60057827A /* VerbRowView.swift in Sources */,
				E0C1BFC2257E74490041238F /* ConjunctionDictionaryView.swift in Sources */,
				E0154B20252B3C960057827A /* preposition.swift in Sources */,
				E0726E2E25B60ED700A16E35 /* appEnviroment.swift in Sources */,
				E04A3D2625827EB5005A21BC /* TenseFilterView.swift in Sources */,
				E06A48272598F42A00931035 /* QuestionView.swift in Sources */,
				E0154B1F252B3C960057827A /* verbs.swift in Sources */,
				E0A0882A257FA03200641EC6 /* Confidence.swift in Sources */,
				E0154B4D252B41F10057827A /* NounViews.swift in Sources */,
				E0B11C1F2530B29700CD3561 /* Word.swift in Sources */,
				E0C1BFD1257E9DF40041238F /* AdverbInfoView.swift in Sources */,
				E054DC49256AA0A700302ADF /* table protocal.swift in Sources */,
				E04FB9C2259A419700D24C3C /* CorrectView.swift in Sources */,
				E054DC3E256A9C0600302ADF /* connectDB.swift in Sources */,
				E0E97C0C256C2EA5008C73CF /* tests.swift in Sources */,
				E04A3D3D258281CE005A21BC /* ConjunctionFilterView.swift in Sources */,
				E04FB9C9259A462F00D24C3C /* IncorrectView.swift in Sources */,
				E0154AE2252B39B50057827A /* Background.swift in Sources */,
				E0154B58252B43BD0057827A /* Format.swift in Sources */,
				E054DC46256AA07C00302ADF /* Profile.swift in Sources */,
				E0C1BFCE257E9D280041238F /* AdverbDictionaryView.swift in Sources */,
				E04A3D2A25827FF6005A21BC /* NounDeclensionFilter.swift in Sources */,
				E0FDAA3925B3060A00DFB93E /* VocabMultipleChoiceView.swift in Sources */,
				E0154BA3252B7CD60057827A /* DeponentInfoView.swift in Sources */,
				E0154B95252B7A250057827A /* VerbDictionaryView.swift in Sources */,
				E0154B5D252B4FCA0057827A /* DecisionView.swift in Sources */,
				E0154B27252B3DC10057827A /* AdjectiveDictionaryViewView.swift in Sources */,
				E0154B30252B3E800057827A /* irregularVerbs.swift in Sources */,
				E04FB9C6259A42BD00D24C3C /* InputView.swift in Sources */,
				E04A3CFF25823146005A21BC /* Quiz.swift in Sources */,
				E0154B98252B7A6A0057827A /* NounDictionaryView.swift in Sources */,
			);
			runOnlyForDeploymentPostprocessing = 0;
		};
/* End PBXSourcesBuildPhase section */

/* Begin XCBuildConfiguration section */
		E0154AD7252B39470057827A /* Debug */ = {
			isa = XCBuildConfiguration;
			buildSettings = {
				ALWAYS_SEARCH_USER_PATHS = NO;
				CLANG_ANALYZER_NONNULL = YES;
				CLANG_ANALYZER_NUMBER_OBJECT_CONVERSION = YES_AGGRESSIVE;
				CLANG_CXX_LANGUAGE_STANDARD = "gnu++14";
				CLANG_CXX_LIBRARY = "libc++";
				CLANG_ENABLE_MODULES = YES;
				CLANG_ENABLE_OBJC_ARC = YES;
				CLANG_ENABLE_OBJC_WEAK = YES;
				CLANG_WARN_BLOCK_CAPTURE_AUTORELEASING = YES;
				CLANG_WARN_BOOL_CONVERSION = YES;
				CLANG_WARN_COMMA = YES;
				CLANG_WARN_CONSTANT_CONVERSION = YES;
				CLANG_WARN_DEPRECATED_OBJC_IMPLEMENTATIONS = YES;
				CLANG_WARN_DIRECT_OBJC_ISA_USAGE = YES_ERROR;
				CLANG_WARN_DOCUMENTATION_COMMENTS = YES;
				CLANG_WARN_EMPTY_BODY = YES;
				CLANG_WARN_ENUM_CONVERSION = YES;
				CLANG_WARN_INFINITE_RECURSION = YES;
				CLANG_WARN_INT_CONVERSION = YES;
				CLANG_WARN_NON_LITERAL_NULL_CONVERSION = YES;
				CLANG_WARN_OBJC_IMPLICIT_RETAIN_SELF = YES;
				CLANG_WARN_OBJC_LITERAL_CONVERSION = YES;
				CLANG_WARN_OBJC_ROOT_CLASS = YES_ERROR;
				CLANG_WARN_QUOTED_INCLUDE_IN_FRAMEWORK_HEADER = YES;
				CLANG_WARN_RANGE_LOOP_ANALYSIS = YES;
				CLANG_WARN_STRICT_PROTOTYPES = YES;
				CLANG_WARN_SUSPICIOUS_MOVE = YES;
				CLANG_WARN_UNGUARDED_AVAILABILITY = YES_AGGRESSIVE;
				CLANG_WARN_UNREACHABLE_CODE = YES;
				CLANG_WARN__DUPLICATE_METHOD_MATCH = YES;
				COPY_PHASE_STRIP = NO;
				DEBUG_INFORMATION_FORMAT = dwarf;
				ENABLE_STRICT_OBJC_MSGSEND = YES;
				ENABLE_TESTABILITY = YES;
				GCC_C_LANGUAGE_STANDARD = gnu11;
				GCC_DYNAMIC_NO_PIC = NO;
				GCC_NO_COMMON_BLOCKS = YES;
				GCC_OPTIMIZATION_LEVEL = 0;
				GCC_PREPROCESSOR_DEFINITIONS = (
					"DEBUG=1",
					"$(inherited)",
				);
				GCC_WARN_64_TO_32_BIT_CONVERSION = YES;
				GCC_WARN_ABOUT_RETURN_TYPE = YES_ERROR;
				GCC_WARN_UNDECLARED_SELECTOR = YES;
				GCC_WARN_UNINITIALIZED_AUTOS = YES_AGGRESSIVE;
				GCC_WARN_UNUSED_FUNCTION = YES;
				GCC_WARN_UNUSED_VARIABLE = YES;
				IPHONEOS_DEPLOYMENT_TARGET = 14.0;
				MTL_ENABLE_DEBUG_INFO = INCLUDE_SOURCE;
				MTL_FAST_MATH = YES;
				ONLY_ACTIVE_ARCH = YES;
				SDKROOT = iphoneos;
				SWIFT_ACTIVE_COMPILATION_CONDITIONS = DEBUG;
				SWIFT_OPTIMIZATION_LEVEL = "-Onone";
			};
			name = Debug;
		};
		E0154AD8252B39470057827A /* Release */ = {
			isa = XCBuildConfiguration;
			buildSettings = {
				ALWAYS_SEARCH_USER_PATHS = NO;
				CLANG_ANALYZER_NONNULL = YES;
				CLANG_ANALYZER_NUMBER_OBJECT_CONVERSION = YES_AGGRESSIVE;
				CLANG_CXX_LANGUAGE_STANDARD = "gnu++14";
				CLANG_CXX_LIBRARY = "libc++";
				CLANG_ENABLE_MODULES = YES;
				CLANG_ENABLE_OBJC_ARC = YES;
				CLANG_ENABLE_OBJC_WEAK = YES;
				CLANG_WARN_BLOCK_CAPTURE_AUTORELEASING = YES;
				CLANG_WARN_BOOL_CONVERSION = YES;
				CLANG_WARN_COMMA = YES;
				CLANG_WARN_CONSTANT_CONVERSION = YES;
				CLANG_WARN_DEPRECATED_OBJC_IMPLEMENTATIONS = YES;
				CLANG_WARN_DIRECT_OBJC_ISA_USAGE = YES_ERROR;
				CLANG_WARN_DOCUMENTATION_COMMENTS = YES;
				CLANG_WARN_EMPTY_BODY = YES;
				CLANG_WARN_ENUM_CONVERSION = YES;
				CLANG_WARN_INFINITE_RECURSION = YES;
				CLANG_WARN_INT_CONVERSION = YES;
				CLANG_WARN_NON_LITERAL_NULL_CONVERSION = YES;
				CLANG_WARN_OBJC_IMPLICIT_RETAIN_SELF = YES;
				CLANG_WARN_OBJC_LITERAL_CONVERSION = YES;
				CLANG_WARN_OBJC_ROOT_CLASS = YES_ERROR;
				CLANG_WARN_QUOTED_INCLUDE_IN_FRAMEWORK_HEADER = YES;
				CLANG_WARN_RANGE_LOOP_ANALYSIS = YES;
				CLANG_WARN_STRICT_PROTOTYPES = YES;
				CLANG_WARN_SUSPICIOUS_MOVE = YES;
				CLANG_WARN_UNGUARDED_AVAILABILITY = YES_AGGRESSIVE;
				CLANG_WARN_UNREACHABLE_CODE = YES;
				CLANG_WARN__DUPLICATE_METHOD_MATCH = YES;
				COPY_PHASE_STRIP = NO;
				DEBUG_INFORMATION_FORMAT = "dwarf-with-dsym";
				ENABLE_NS_ASSERTIONS = NO;
				ENABLE_STRICT_OBJC_MSGSEND = YES;
				GCC_C_LANGUAGE_STANDARD = gnu11;
				GCC_NO_COMMON_BLOCKS = YES;
				GCC_WARN_64_TO_32_BIT_CONVERSION = YES;
				GCC_WARN_ABOUT_RETURN_TYPE = YES_ERROR;
				GCC_WARN_UNDECLARED_SELECTOR = YES;
				GCC_WARN_UNINITIALIZED_AUTOS = YES_AGGRESSIVE;
				GCC_WARN_UNUSED_FUNCTION = YES;
				GCC_WARN_UNUSED_VARIABLE = YES;
				IPHONEOS_DEPLOYMENT_TARGET = 14.0;
				MTL_ENABLE_DEBUG_INFO = NO;
				MTL_FAST_MATH = YES;
				SDKROOT = iphoneos;
				SWIFT_COMPILATION_MODE = wholemodule;
				SWIFT_OPTIMIZATION_LEVEL = "-O";
				VALIDATE_PRODUCT = YES;
			};
			name = Release;
		};
		E0154ADA252B39470057827A /* Debug */ = {
			isa = XCBuildConfiguration;
			buildSettings = {
				ASSETCATALOG_COMPILER_APPICON_NAME = "AppIcon-1";
				ASSETCATALOG_COMPILER_GLOBAL_ACCENT_COLOR_NAME = AccentColor;
				CODE_SIGN_STYLE = Automatic;
				DEVELOPMENT_ASSET_PATHS = "\"Latin/Preview Content\"";
				DEVELOPMENT_TEAM = PWZ52ZST2F;
				ENABLE_PREVIEWS = YES;
				INFOPLIST_FILE = Latin/Info.plist;
				IPHONEOS_DEPLOYMENT_TARGET = 14.0;
				LD_RUNPATH_SEARCH_PATHS = (
					"$(inherited)",
					"@executable_path/Frameworks",
				);
				PRODUCT_BUNDLE_IDENTIFIER = "kenan-palmer.Latin";
				PRODUCT_NAME = "$(TARGET_NAME)";
				SWIFT_VERSION = 5.0;
				TARGETED_DEVICE_FAMILY = "1,2";
			};
			name = Debug;
		};
		E0154ADB252B39470057827A /* Release */ = {
			isa = XCBuildConfiguration;
			buildSettings = {
				ASSETCATALOG_COMPILER_APPICON_NAME = "AppIcon-1";
				ASSETCATALOG_COMPILER_GLOBAL_ACCENT_COLOR_NAME = AccentColor;
				CODE_SIGN_STYLE = Automatic;
				DEVELOPMENT_ASSET_PATHS = "\"Latin/Preview Content\"";
				DEVELOPMENT_TEAM = PWZ52ZST2F;
				ENABLE_PREVIEWS = YES;
				INFOPLIST_FILE = Latin/Info.plist;
				IPHONEOS_DEPLOYMENT_TARGET = 14.0;
				LD_RUNPATH_SEARCH_PATHS = (
					"$(inherited)",
					"@executable_path/Frameworks",
				);
				PRODUCT_BUNDLE_IDENTIFIER = "kenan-palmer.Latin";
				PRODUCT_NAME = "$(TARGET_NAME)";
				SWIFT_VERSION = 5.0;
				TARGETED_DEVICE_FAMILY = "1,2";
			};
			name = Release;
		};
/* End XCBuildConfiguration section */

/* Begin XCConfigurationList section */
		E0154AC5252B39460057827A /* Build configuration list for PBXProject "Latin" */ = {
			isa = XCConfigurationList;
			buildConfigurations = (
				E0154AD7252B39470057827A /* Debug */,
				E0154AD8252B39470057827A /* Release */,
			);
			defaultConfigurationIsVisible = 0;
			defaultConfigurationName = Release;
		};
		E0154AD9252B39470057827A /* Build configuration list for PBXNativeTarget "Latin" */ = {
			isa = XCConfigurationList;
			buildConfigurations = (
				E0154ADA252B39470057827A /* Debug */,
				E0154ADB252B39470057827A /* Release */,
			);
			defaultConfigurationIsVisible = 0;
			defaultConfigurationName = Release;
		};
/* End XCConfigurationList section */
	};
	rootObject = E0154AC2252B39460057827A /* Project object */;
}
